
Microsoft Visual Studio Solution File, Format Version 12.00
# Visual Studio Version 17
VisualStudioVersion = 17.8.34511.84
MinimumVisualStudioVersion = 10.0.40219.1
Project("{FAE04EC0-301F-11D3-BF4B-00C04F79EFBC}") = "MIPSASM", "MIPSASM\MIPSASM.csproj", "{5903D876-D792-449D-8675-1EE2E987E70F}"
EndProject
Global
	GlobalSection(SolutionConfigurationPlatforms) = preSolution
		Debug|Any CPU = Debug|Any CPU
		Release|Any CPU = Release|Any CPU
	EndGlobalSection
	GlobalSection(ProjectConfigurationPlatforms) = postSolution
		{5903D876-D792-449D-8675-1EE2E987E70F}.Debug|Any CPU.ActiveCfg = Debug|Any CPU
		{5903D876-D792-449D-8675-1EE2E987E70F}.Debug|Any CPU.Build.0 = Debug|Any CPU
		{5903D876-D792-449D-8675-1EE2E987E70F}.Release|Any CPU.ActiveCfg = Release|Any CPU
		{5903D876-D792-449D-8675-1EE2E987E70F}.Release|Any CPU.Build.0 = Release|Any CPU
	EndGlobalSection
	GlobalSection(SolutionProperties) = preSolution
		HideSolutionNode = FALSE
	EndGlobalSection
	GlobalSection(ExtensibilityGlobals) = postSolution
		SolutionGuid = {4ECA44DB-E777-4AFC-99E4-9AFA35A6D965}
	EndGlobalSection
EndGlobal
